
Microsoft Visual Studio Solution File, Format Version 12.00
# Visual Studio Version 16
VisualStudioVersion = 16.0.30406.217
MinimumVisualStudioVersion = 10.0.40219.1
Project("{FAE04EC0-301F-11D3-BF4B-00C04F79EFBC}") = "Music-Player", "Music-Player\Music-Player.csproj", "{B0533D8D-333C-455D-A51E-50CD54622EEC}"
EndProject
Global
	GlobalSection(SolutionConfigurationPlatforms) = preSolution
		Debug|Any CPU = Debug|Any CPU
		Release|Any CPU = Release|Any CPU
	EndGlobalSection
	GlobalSection(ProjectConfigurationPlatforms) = postSolution
		{B0533D8D-333C-455D-A51E-50CD54622EEC}.Debug|Any CPU.ActiveCfg = Debug|Any CPU
		{B0533D8D-333C-455D-A51E-50CD54622EEC}.Debug|Any CPU.Build.0 = Debug|Any CPU
		{B0533D8D-333C-455D-A51E-50CD54622EEC}.Release|Any CPU.ActiveCfg = Release|Any CPU
		{B0533D8D-333C-455D-A51E-50CD54622EEC}.Release|Any CPU.Build.0 = Release|Any CPU
	EndGlobalSection
	GlobalSection(SolutionProperties) = preSolution
		HideSolutionNode = FALSE
	EndGlobalSection
	GlobalSection(ExtensibilityGlobals) = postSolution
		SolutionGuid = {64207785-101B-47F5-ADF9-BCFD116F7D8F}
	EndGlobalSection
EndGlobal
